
Microsoft Visual Studio Solution File, Format Version 12.00
# Visual Studio Version 17
VisualStudioVersion = 17.11.35219.272
MinimumVisualStudioVersion = 10.0.40219.1
Project("{FAE04EC0-301F-11D3-BF4B-00C04F79EFBC}") = "API7D", "API7D\API7D.csproj", "{81485041-2DAB-4136-A9D7-D2864532C42E}"
EndProject
Global
	GlobalSection(SolutionConfigurationPlatforms) = preSolution
		Debug|Any CPU = Debug|Any CPU
		Release|Any CPU = Release|Any CPU
	EndGlobalSection
	GlobalSection(ProjectConfigurationPlatforms) = postSolution
		{81485041-2DAB-4136-A9D7-D2864532C42E}.Debug|Any CPU.ActiveCfg = Debug|Any CPU
		{81485041-2DAB-4136-A9D7-D2864532C42E}.Debug|Any CPU.Build.0 = Debug|Any CPU
		{81485041-2DAB-4136-A9D7-D2864532C42E}.Release|Any CPU.ActiveCfg = Release|Any CPU
		{81485041-2DAB-4136-A9D7-D2864532C42E}.Release|Any CPU.Build.0 = Release|Any CPU
	EndGlobalSection
	GlobalSection(SolutionProperties) = preSolution
		HideSolutionNode = FALSE
	EndGlobalSection
	GlobalSection(ExtensibilityGlobals) = postSolution
		SolutionGuid = {87DBB263-6756-4745-9F01-DE6C9C1F50A3}
	EndGlobalSection
EndGlobal
